
Microsoft Visual Studio Solution File, Format Version 12.00
# Visual Studio 2012
Project("{FAE04EC0-301F-11D3-BF4B-00C04F79EFBC}") = "DataAccess", "DataAccess\DataAccess.csproj", "{FEA3FA7C-5F8E-43C7-8DF0-020665F8B610}"
EndProject
Project("{FAE04EC0-301F-11D3-BF4B-00C04F79EFBC}") = "Business", "Business\Business.csproj", "{1BF32878-6009-42D2-8631-E1A6456E14C2}"
EndProject
Project("{FAE04EC0-301F-11D3-BF4B-00C04F79EFBC}") = "UnitTestProject", "UnitTestProject\UnitTestProject.csproj", "{9C6C4863-BF87-411F-B6FA-6BEDD7BCC9B8}"
EndProject
Project("{F088123C-0E9E-452A-89E6-6BA2F21D5CAC}") = "ModelingProject", "ModelingProject\ModelingProject.modelproj", "{301B2300-FBEF-4CAB-B140-0E373726B17F}"
EndProject
Global
	GlobalSection(SolutionConfigurationPlatforms) = preSolution
		Debug|Any CPU = Debug|Any CPU
		Release|Any CPU = Release|Any CPU
	EndGlobalSection
	GlobalSection(ProjectConfigurationPlatforms) = postSolution
		{FEA3FA7C-5F8E-43C7-8DF0-020665F8B610}.Debug|Any CPU.ActiveCfg = Debug|Any CPU
		{FEA3FA7C-5F8E-43C7-8DF0-020665F8B610}.Debug|Any CPU.Build.0 = Debug|Any CPU
		{FEA3FA7C-5F8E-43C7-8DF0-020665F8B610}.Release|Any CPU.ActiveCfg = Release|Any CPU
		{FEA3FA7C-5F8E-43C7-8DF0-020665F8B610}.Release|Any CPU.Build.0 = Release|Any CPU
		{1BF32878-6009-42D2-8631-E1A6456E14C2}.Debug|Any CPU.ActiveCfg = Debug|Any CPU
		{1BF32878-6009-42D2-8631-E1A6456E14C2}.Debug|Any CPU.Build.0 = Debug|Any CPU
		{1BF32878-6009-42D2-8631-E1A6456E14C2}.Release|Any CPU.ActiveCfg = Release|Any CPU
		{1BF32878-6009-42D2-8631-E1A6456E14C2}.Release|Any CPU.Build.0 = Release|Any CPU
		{9C6C4863-BF87-411F-B6FA-6BEDD7BCC9B8}.Debug|Any CPU.ActiveCfg = Debug|Any CPU
		{9C6C4863-BF87-411F-B6FA-6BEDD7BCC9B8}.Debug|Any CPU.Build.0 = Debug|Any CPU
		{9C6C4863-BF87-411F-B6FA-6BEDD7BCC9B8}.Release|Any CPU.ActiveCfg = Release|Any CPU
		{9C6C4863-BF87-411F-B6FA-6BEDD7BCC9B8}.Release|Any CPU.Build.0 = Release|Any CPU
		{301B2300-FBEF-4CAB-B140-0E373726B17F}.Debug|Any CPU.ActiveCfg = Debug|Any CPU
		{301B2300-FBEF-4CAB-B140-0E373726B17F}.Debug|Any CPU.Build.0 = Debug|Any CPU
		{301B2300-FBEF-4CAB-B140-0E373726B17F}.Release|Any CPU.ActiveCfg = Release|Any CPU
		{301B2300-FBEF-4CAB-B140-0E373726B17F}.Release|Any CPU.Build.0 = Release|Any CPU
	EndGlobalSection
	GlobalSection(SolutionProperties) = preSolution
		HideSolutionNode = FALSE
	EndGlobalSection
EndGlobal
